// !$*UTF8*$!
{
	archiveVersion = 1;
	classes = {
	};
	objectVersion = 50;
	objects = {

/* Begin PBXBuildFile section */
		184AD682205FC3C0005CEA3D /* AppDelegate.swift in Sources */ = {isa = PBXBuildFile; fileRef = 184AD681205FC3C0005CEA3D /* AppDelegate.swift */; };
		184AD684205FC3C0005CEA3D /* ViewController.swift in Sources */ = {isa = PBXBuildFile; fileRef = 184AD683205FC3C0005CEA3D /* ViewController.swift */; };
		184AD687205FC3C0005CEA3D /* Main.storyboard in Resources */ = {isa = PBXBuildFile; fileRef = 184AD685205FC3C0005CEA3D /* Main.storyboard */; };
		184AD689205FC3C2005CEA3D /* Assets.xcassets in Resources */ = {isa = PBXBuildFile; fileRef = 184AD688205FC3C2005CEA3D /* Assets.xcassets */; };
		184AD68C205FC3C2005CEA3D /* LaunchScreen.storyboard in Resources */ = {isa = PBXBuildFile; fileRef = 184AD68A205FC3C2005CEA3D /* LaunchScreen.storyboard */; };
		184AD697205FC3C3005CEA3D /* ReCaptchaV2Tests.swift in Sources */ = {isa = PBXBuildFile; fileRef = 184AD696205FC3C3005CEA3D /* ReCaptchaV2Tests.swift */; };
		184AD6A2205FC3C3005CEA3D /* ReCaptchaV2UITests.swift in Sources */ = {isa = PBXBuildFile; fileRef = 184AD6A1205FC3C3005CEA3D /* ReCaptchaV2UITests.swift */; };
/* End PBXBuildFile section */

/* Begin PBXContainerItemProxy section */
		184AD693205FC3C3005CEA3D /* PBXContainerItemProxy */ = {
			isa = PBXContainerItemProxy;
			containerPortal = 184AD676205FC3C0005CEA3D /* Project object */;
			proxyType = 1;
			remoteGlobalIDString = 184AD67D205FC3C0005CEA3D;
			remoteInfo = ReCaptchaV2;
		};
		184AD69E205FC3C3005CEA3D /* PBXContainerItemProxy */ = {
			isa = PBXContainerItemProxy;
			containerPortal = 184AD676205FC3C0005CEA3D /* Project object */;
			proxyType = 1;
			remoteGlobalIDString = 184AD67D205FC3C0005CEA3D;
			remoteInfo = ReCaptchaV2;
		};
/* End PBXContainerItemProxy section */

/* Begin PBXFileReference section */
		184AD67E205FC3C0005CEA3D /* ReCaptchaV2.app */ = {isa = PBXFileReference; explicitFileType = wrapper.application; includeInIndex = 0; path = ReCaptchaV2.app; sourceTree = BUILT_PRODUCTS_DIR; };
		184AD681205FC3C0005CEA3D /* AppDelegate.swift */ = {isa = PBXFileReference; lastKnownFileType = sourcecode.swift; path = AppDelegate.swift; sourceTree = "<group>"; };
		184AD683205FC3C0005CEA3D /* ViewController.swift */ = {isa = PBXFileReference; lastKnownFileType = sourcecode.swift; path = ViewController.swift; sourceTree = "<group>"; };
		184AD686205FC3C0005CEA3D /* Base */ = {isa = PBXFileReference; lastKnownFileType = file.storyboard; name = Base; path = Base.lproj/Main.storyboard; sourceTree = "<group>"; };
		184AD688205FC3C2005CEA3D /* Assets.xcassets */ = {isa = PBXFileReference; lastKnownFileType = folder.assetcatalog; path = Assets.xcassets; sourceTree = "<group>"; };
		184AD68B205FC3C2005CEA3D /* Base */ = {isa = PBXFileReference; lastKnownFileType = file.storyboard; name = Base; path = Base.lproj/LaunchScreen.storyboard; sourceTree = "<group>"; };
		184AD68D205FC3C2005CEA3D /* Info.plist */ = {isa = PBXFileReference; lastKnownFileType = text.plist.xml; path = Info.plist; sourceTree = "<group>"; };
		184AD692205FC3C3005CEA3D /* ReCaptchaV2Tests.xctest */ = {isa = PBXFileReference; explicitFileType = wrapper.cfbundle; includeInIndex = 0; path = ReCaptchaV2Tests.xctest; sourceTree = BUILT_PRODUCTS_DIR; };
		184AD696205FC3C3005CEA3D /* ReCaptchaV2Tests.swift */ = {isa = PBXFileReference; lastKnownFileType = sourcecode.swift; path = ReCaptchaV2Tests.swift; sourceTree = "<group>"; };
		184AD698205FC3C3005CEA3D /* Info.plist */ = {isa = PBXFileReference; lastKnownFileType = text.plist.xml; path = Info.plist; sourceTree = "<group>"; };
		184AD69D205FC3C3005CEA3D /* ReCaptchaV2UITests.xctest */ = {isa = PBXFileReference; explicitFileType = wrapper.cfbundle; includeInIndex = 0; path = ReCaptchaV2UITests.xctest; sourceTree = BUILT_PRODUCTS_DIR; };
		184AD6A1205FC3C3005CEA3D /* ReCaptchaV2UITests.swift */ = {isa = PBXFileReference; lastKnownFileType = sourcecode.swift; path = ReCaptchaV2UITests.swift; sourceTree = "<group>"; };
		184AD6A3205FC3C3005CEA3D /* Info.plist */ = {isa = PBXFileReference; lastKnownFileType = text.plist.xml; path = Info.plist; sourceTree = "<group>"; };
/* End PBXFileReference section */

/* Begin PBXFrameworksBuildPhase section */
		184AD67B205FC3C0005CEA3D /* Frameworks */ = {
			isa = PBXFrameworksBuildPhase;
			buildActionMask = 2147483647;
			files = (
			);
			runOnlyForDeploymentPostprocessing = 0;
		};
		184AD68F205FC3C3005CEA3D /* Frameworks */ = {
			isa = PBXFrameworksBuildPhase;
			buildActionMask = 2147483647;
			files = (
			);
			runOnlyForDeploymentPostprocessing = 0;
		};
		184AD69A205FC3C3005CEA3D /* Frameworks */ = {
			isa = PBXFrameworksBuildPhase;
			buildActionMask = 2147483647;
			files = (
			);
			runOnlyForDeploymentPostprocessing = 0;
		};
/* End PBXFrameworksBuildPhase section */

/* Begin PBXGroup section */
		184AD675205FC3C0005CEA3D = {
			isa = PBXGroup;
			children = (
				184AD680205FC3C0005CEA3D /* ReCaptchaV2 */,
				184AD695205FC3C3005CEA3D /* ReCaptchaV2Tests */,
				184AD6A0205FC3C3005CEA3D /* ReCaptchaV2UITests */,
				184AD67F205FC3C0005CEA3D /* Products */,
			);
			sourceTree = "<group>";
		};
		184AD67F205FC3C0005CEA3D /* Products */ = {
			isa = PBXGroup;
			children = (
				184AD67E205FC3C0005CEA3D /* ReCaptchaV2.app */,
				184AD692205FC3C3005CEA3D /* ReCaptchaV2Tests.xctest */,
				184AD69D205FC3C3005CEA3D /* ReCaptchaV2UITests.xctest */,
			);
			name = Products;
			sourceTree = "<group>";
		};
		184AD680205FC3C0005CEA3D /* ReCaptchaV2 */ = {
			isa = PBXGroup;
			children = (
				184AD681205FC3C0005CEA3D /* AppDelegate.swift */,
				184AD683205FC3C0005CEA3D /* ViewController.swift */,
				184AD685205FC3C0005CEA3D /* Main.storyboard */,
				184AD688205FC3C2005CEA3D /* Assets.xcassets */,
				184AD68A205FC3C2005CEA3D /* LaunchScreen.storyboard */,
				184AD68D205FC3C2005CEA3D /* Info.plist */,
			);
			path = ReCaptchaV2;
			sourceTree = "<group>";
		};
		184AD695205FC3C3005CEA3D /* ReCaptchaV2Tests */ = {
			isa = PBXGroup;
			children = (
				184AD696205FC3C3005CEA3D /* ReCaptchaV2Tests.swift */,
				184AD698205FC3C3005CEA3D /* Info.plist */,
			);
			path = ReCaptchaV2Tests;
			sourceTree = "<group>";
		};
		184AD6A0205FC3C3005CEA3D /* ReCaptchaV2UITests */ = {
			isa = PBXGroup;
			children = (
				184AD6A1205FC3C3005CEA3D /* ReCaptchaV2UITests.swift */,
				184AD6A3205FC3C3005CEA3D /* Info.plist */,
			);
			path = ReCaptchaV2UITests;
			sourceTree = "<group>";
		};
/* End PBXGroup section */

/* Begin PBXNativeTarget section */
		184AD67D205FC3C0005CEA3D /* ReCaptchaV2 */ = {
			isa = PBXNativeTarget;
			buildConfigurationList = 184AD6A6205FC3C3005CEA3D /* Build configuration list for PBXNativeTarget "ReCaptchaV2" */;
			buildPhases = (
				184AD67A205FC3C0005CEA3D /* Sources */,
				184AD67B205FC3C0005CEA3D /* Frameworks */,
				184AD67C205FC3C0005CEA3D /* Resources */,
			);
			buildRules = (
			);
			dependencies = (
			);
			name = ReCaptchaV2;
			productName = ReCaptchaV2;
			productReference = 184AD67E205FC3C0005CEA3D /* ReCaptchaV2.app */;
			productType = "com.apple.product-type.application";
		};
		184AD691205FC3C3005CEA3D /* ReCaptchaV2Tests */ = {
			isa = PBXNativeTarget;
			buildConfigurationList = 184AD6A9205FC3C3005CEA3D /* Build configuration list for PBXNativeTarget "ReCaptchaV2Tests" */;
			buildPhases = (
				184AD68E205FC3C3005CEA3D /* Sources */,
				184AD68F205FC3C3005CEA3D /* Frameworks */,
				184AD690205FC3C3005CEA3D /* Resources */,
			);
			buildRules = (
			);
			dependencies = (
				184AD694205FC3C3005CEA3D /* PBXTargetDependency */,
			);
			name = ReCaptchaV2Tests;
			productName = ReCaptchaV2Tests;
			productReference = 184AD692205FC3C3005CEA3D /* ReCaptchaV2Tests.xctest */;
			productType = "com.apple.product-type.bundle.unit-test";
		};
		184AD69C205FC3C3005CEA3D /* ReCaptchaV2UITests */ = {
			isa = PBXNativeTarget;
			buildConfigurationList = 184AD6AC205FC3C3005CEA3D /* Build configuration list for PBXNativeTarget "ReCaptchaV2UITests" */;
			buildPhases = (
				184AD699205FC3C3005CEA3D /* Sources */,
				184AD69A205FC3C3005CEA3D /* Frameworks */,
				184AD69B205FC3C3005CEA3D /* Resources */,
			);
			buildRules = (
			);
			dependencies = (
				184AD69F205FC3C3005CEA3D /* PBXTargetDependency */,
			);
			name = ReCaptchaV2UITests;
			productName = ReCaptchaV2UITests;
			productReference = 184AD69D205FC3C3005CEA3D /* ReCaptchaV2UITests.xctest */;
			productType = "com.apple.product-type.bundle.ui-testing";
		};
/* End PBXNativeTarget section */

/* Begin PBXProject section */
		184AD676205FC3C0005CEA3D /* Project object */ = {
			isa = PBXProject;
			attributes = {
				LastSwiftUpdateCheck = 0930;
				LastUpgradeCheck = 0930;
				ORGANIZATIONNAME = Cosm00;
				TargetAttributes = {
					184AD67D205FC3C0005CEA3D = {
						CreatedOnToolsVersion = 9.3;
					};
					184AD691205FC3C3005CEA3D = {
						CreatedOnToolsVersion = 9.3;
						TestTargetID = 184AD67D205FC3C0005CEA3D;
					};
					184AD69C205FC3C3005CEA3D = {
						CreatedOnToolsVersion = 9.3;
						TestTargetID = 184AD67D205FC3C0005CEA3D;
					};
				};
			};
			buildConfigurationList = 184AD679205FC3C0005CEA3D /* Build configuration list for PBXProject "ReCaptchaV2" */;
			compatibilityVersion = "Xcode 9.3";
			developmentRegion = en;
			hasScannedForEncodings = 0;
			knownRegions = (
				en,
				Base,
			);
			mainGroup = 184AD675205FC3C0005CEA3D;
			productRefGroup = 184AD67F205FC3C0005CEA3D /* Products */;
			projectDirPath = "";
			projectRoot = "";
			targets = (
				184AD67D205FC3C0005CEA3D /* ReCaptchaV2 */,
				184AD691205FC3C3005CEA3D /* ReCaptchaV2Tests */,
				184AD69C205FC3C3005CEA3D /* ReCaptchaV2UITests */,
			);
		};
/* End PBXProject section */

/* Begin PBXResourcesBuildPhase section */
		184AD67C205FC3C0005CEA3D /* Resources */ = {
			isa = PBXResourcesBuildPhase;
			buildActionMask = 2147483647;
			files = (
				184AD68C205FC3C2005CEA3D /* LaunchScreen.storyboard in Resources */,
				184AD689205FC3C2005CEA3D /* Assets.xcassets in Resources */,
				184AD687205FC3C0005CEA3D /* Main.storyboard in Resources */,
			);
			runOnlyForDeploymentPostprocessing = 0;
		};
		184AD690205FC3C3005CEA3D /* Resources */ = {
			isa = PBXResourcesBuildPhase;
			buildActionMask = 2147483647;
			files = (
			);
			runOnlyForDeploymentPostprocessing = 0;
		};
		184AD69B205FC3C3005CEA3D /* Resources */ = {
			isa = PBXResourcesBuildPhase;
			buildActionMask = 2147483647;
			files = (
			);
			runOnlyForDeploymentPostprocessing = 0;
		};
/* End PBXResourcesBuildPhase section */

/* Begin PBXSourcesBuildPhase section */
		184AD67A205FC3C0005CEA3D /* Sources */ = {
			isa = PBXSourcesBuildPhase;
			buildActionMask = 2147483647;
			files = (
				184AD684205FC3C0005CEA3D /* ViewController.swift in Sources */,
				184AD682205FC3C0005CEA3D /* AppDelegate.swift in Sources */,
			);
			runOnlyForDeploymentPostprocessing = 0;
		};
		184AD68E205FC3C3005CEA3D /* Sources */ = {
			isa = PBXSourcesBuildPhase;
			buildActionMask = 2147483647;
			files = (
				184AD697205FC3C3005CEA3D /* ReCaptchaV2Tests.swift in Sources */,
			);
			runOnlyForDeploymentPostprocessing = 0;
		};
		184AD699205FC3C3005CEA3D /* Sources */ = {
			isa = PBXSourcesBuildPhase;
			buildActionMask = 2147483647;
			files = (
				184AD6A2205FC3C3005CEA3D /* ReCaptchaV2UITests.swift in Sources */,
			);
			runOnlyForDeploymentPostprocessing = 0;
		};
/* End PBXSourcesBuildPhase section */

/* Begin PBXTargetDependency section */
		184AD694205FC3C3005CEA3D /* PBXTargetDependency */ = {
			isa = PBXTargetDependency;
			target = 184AD67D205FC3C0005CEA3D /* ReCaptchaV2 */;
			targetProxy = 184AD693205FC3C3005CEA3D /* PBXContainerItemProxy */;
		};
		184AD69F205FC3C3005CEA3D /* PBXTargetDependency */ = {
			isa = PBXTargetDependency;
			target = 184AD67D205FC3C0005CEA3D /* ReCaptchaV2 */;
			targetProxy = 184AD69E205FC3C3005CEA3D /* PBXContainerItemProxy */;
		};
/* End PBXTargetDependency section */

/* Begin PBXVariantGroup section */
		184AD685205FC3C0005CEA3D /* Main.storyboard */ = {
			isa = PBXVariantGroup;
			children = (
				184AD686205FC3C0005CEA3D /* Base */,
			);
			name = Main.storyboard;
			sourceTree = "<group>";
		};
		184AD68A205FC3C2005CEA3D /* LaunchScreen.storyboard */ = {
			isa = PBXVariantGroup;
			children = (
				184AD68B205FC3C2005CEA3D /* Base */,
			);
			name = LaunchScreen.storyboard;
			sourceTree = "<group>";
		};
/* End PBXVariantGroup section */

/* Begin XCBuildConfiguration section */
		184AD6A4205FC3C3005CEA3D /* Debug */ = {
			isa = XCBuildConfiguration;
			buildSettings = {
				ALWAYS_SEARCH_USER_PATHS = NO;
				CLANG_ANALYZER_NONNULL = YES;
				CLANG_ANALYZER_NUMBER_OBJECT_CONVERSION = YES_AGGRESSIVE;
				CLANG_CXX_LANGUAGE_STANDARD = "gnu++14";
				CLANG_CXX_LIBRARY = "libc++";
				CLANG_ENABLE_MODULES = YES;
				CLANG_ENABLE_OBJC_ARC = YES;
				CLANG_ENABLE_OBJC_WEAK = YES;
				CLANG_WARN_BLOCK_CAPTURE_AUTORELEASING = YES;
				CLANG_WARN_BOOL_CONVERSION = YES;
				CLANG_WARN_COMMA = YES;
				CLANG_WARN_CONSTANT_CONVERSION = YES;
				CLANG_WARN_DEPRECATED_OBJC_IMPLEMENTATIONS = YES;
				CLANG_WARN_DIRECT_OBJC_ISA_USAGE = YES_ERROR;
				CLANG_WARN_DOCUMENTATION_COMMENTS = YES;
				CLANG_WARN_EMPTY_BODY = YES;
				CLANG_WARN_ENUM_CONVERSION = YES;
				CLANG_WARN_INFINITE_RECURSION = YES;
				CLANG_WARN_INT_CONVERSION = YES;
				CLANG_WARN_NON_LITERAL_NULL_CONVERSION = YES;
				CLANG_WARN_OBJC_IMPLICIT_RETAIN_SELF = YES;
				CLANG_WARN_OBJC_LITERAL_CONVERSION = YES;
				CLANG_WARN_OBJC_ROOT_CLASS = YES_ERROR;
				CLANG_WARN_RANGE_LOOP_ANALYSIS = YES;
				CLANG_WARN_STRICT_PROTOTYPES = YES;
				CLANG_WARN_SUSPICIOUS_MOVE = YES;
				CLANG_WARN_UNGUARDED_AVAILABILITY = YES_AGGRESSIVE;
				CLANG_WARN_UNREACHABLE_CODE = YES;
				CLANG_WARN__DUPLICATE_METHOD_MATCH = YES;
				CODE_SIGN_IDENTITY = "iPhone Developer";
				COPY_PHASE_STRIP = NO;
				DEBUG_INFORMATION_FORMAT = dwarf;
				ENABLE_STRICT_OBJC_MSGSEND = YES;
				ENABLE_TESTABILITY = YES;
				GCC_C_LANGUAGE_STANDARD = gnu11;
				GCC_DYNAMIC_NO_PIC = NO;
				GCC_NO_COMMON_BLOCKS = YES;
				GCC_OPTIMIZATION_LEVEL = 0;
				GCC_PREPROCESSOR_DEFINITIONS = (
					"DEBUG=1",
					"$(inherited)",
				);
				GCC_WARN_64_TO_32_BIT_CONVERSION = YES;
				GCC_WARN_ABOUT_RETURN_TYPE = YES_ERROR;
				GCC_WARN_UNDECLARED_SELECTOR = YES;
				GCC_WARN_UNINITIALIZED_AUTOS = YES_AGGRESSIVE;
				GCC_WARN_UNUSED_FUNCTION = YES;
				GCC_WARN_UNUSED_VARIABLE = YES;
				IPHONEOS_DEPLOYMENT_TARGET = 11.3;
				MTL_ENABLE_DEBUG_INFO = YES;
				ONLY_ACTIVE_ARCH = YES;
				SDKROOT = iphoneos;
				SWIFT_ACTIVE_COMPILATION_CONDITIONS = DEBUG;
				SWIFT_OPTIMIZATION_LEVEL = "-Onone";
			};
			name = Debug;
		};
		184AD6A5205FC3C3005CEA3D /* Release */ = {
			isa = XCBuildConfiguration;
			buildSettings = {
				ALWAYS_SEARCH_USER_PATHS = NO;
				CLANG_ANALYZER_NONNULL = YES;
				CLANG_ANALYZER_NUMBER_OBJECT_CONVERSION = YES_AGGRESSIVE;
				CLANG_CXX_LANGUAGE_STANDARD = "gnu++14";
				CLANG_CXX_LIBRARY = "libc++";
				CLANG_ENABLE_MODULES = YES;
				CLANG_ENABLE_OBJC_ARC = YES;
				CLANG_ENABLE_OBJC_WEAK = YES;
				CLANG_WARN_BLOCK_CAPTURE_AUTORELEASING = YES;
				CLANG_WARN_BOOL_CONVERSION = YES;
				CLANG_WARN_COMMA = YES;
				CLANG_WARN_CONSTANT_CONVERSION = YES;
				CLANG_WARN_DEPRECATED_OBJC_IMPLEMENTATIONS = YES;
				CLANG_WARN_DIRECT_OBJC_ISA_USAGE = YES_ERROR;
				CLANG_WARN_DOCUMENTATION_COMMENTS = YES;
				CLANG_WARN_EMPTY_BODY = YES;
				CLANG_WARN_ENUM_CONVERSION = YES;
				CLANG_WARN_INFINITE_RECURSION = YES;
				CLANG_WARN_INT_CONVERSION = YES;
				CLANG_WARN_NON_LITERAL_NULL_CONVERSION = YES;
				CLANG_WARN_OBJC_IMPLICIT_RETAIN_SELF = YES;
				CLANG_WARN_OBJC_LITERAL_CONVERSION = YES;
				CLANG_WARN_OBJC_ROOT_CLASS = YES_ERROR;
				CLANG_WARN_RANGE_LOOP_ANALYSIS = YES;
				CLANG_WARN_STRICT_PROTOTYPES = YES;
				CLANG_WARN_SUSPICIOUS_MOVE = YES;
				CLANG_WARN_UNGUARDED_AVAILABILITY = YES_AGGRESSIVE;
				CLANG_WARN_UNREACHABLE_CODE = YES;
				CLANG_WARN__DUPLICATE_METHOD_MATCH = YES;
				CODE_SIGN_IDENTITY = "iPhone Developer";
				COPY_PHASE_STRIP = NO;
				DEBUG_INFORMATION_FORMAT = "dwarf-with-dsym";
				ENABLE_NS_ASSERTIONS = NO;
				ENABLE_STRICT_OBJC_MSGSEND = YES;
				GCC_C_LANGUAGE_STANDARD = gnu11;
				GCC_NO_COMMON_BLOCKS = YES;
				GCC_WARN_64_TO_32_BIT_CONVERSION = YES;
				GCC_WARN_ABOUT_RETURN_TYPE = YES_ERROR;
				GCC_WARN_UNDECLARED_SELECTOR = YES;
				GCC_WARN_UNINITIALIZED_AUTOS = YES_AGGRESSIVE;
				GCC_WARN_UNUSED_FUNCTION = YES;
				GCC_WARN_UNUSED_VARIABLE = YES;
				IPHONEOS_DEPLOYMENT_TARGET = 11.3;
				MTL_ENABLE_DEBUG_INFO = NO;
				SDKROOT = iphoneos;
				SWIFT_COMPILATION_MODE = wholemodule;
				SWIFT_OPTIMIZATION_LEVEL = "-O";
				VALIDATE_PRODUCT = YES;
			};
			name = Release;
		};
		184AD6A7205FC3C3005CEA3D /* Debug */ = {
			isa = XCBuildConfiguration;
			buildSettings = {
				ASSETCATALOG_COMPILER_APPICON_NAME = AppIcon;
				CODE_SIGN_STYLE = Automatic;
				DEVELOPMENT_TEAM = F7484TPGGQ;
				INFOPLIST_FILE = ReCaptchaV2/Info.plist;
				LD_RUNPATH_SEARCH_PATHS = (
					"$(inherited)",
					"@executable_path/Frameworks",
				);
				PRODUCT_BUNDLE_IDENTIFIER = com.cosmo.ReCaptchaV2;
				PRODUCT_NAME = "$(TARGET_NAME)";
				SWIFT_VERSION = 4.0;
				TARGETED_DEVICE_FAMILY = "1,2";
			};
			name = Debug;
		};
		184AD6A8205FC3C3005CEA3D /* Release */ = {
			isa = XCBuildConfiguration;
			buildSettings = {
				ASSETCATALOG_COMPILER_APPICON_NAME = AppIcon;
				CODE_SIGN_STYLE = Automatic;
				DEVELOPMENT_TEAM = F7484TPGGQ;
				INFOPLIST_FILE = ReCaptchaV2/Info.plist;
				LD_RUNPATH_SEARCH_PATHS = (
					"$(inherited)",
					"@executable_path/Frameworks",
				);
				PRODUCT_BUNDLE_IDENTIFIER = com.cosmo.ReCaptchaV2;
				PRODUCT_NAME = "$(TARGET_NAME)";
				SWIFT_VERSION = 4.0;
				TARGETED_DEVICE_FAMILY = "1,2";
			};
			name = Release;
		};
		184AD6AA205FC3C3005CEA3D /* Debug */ = {
			isa = XCBuildConfiguration;
			buildSettings = {
				ALWAYS_EMBED_SWIFT_STANDARD_LIBRARIES = YES;
				BUNDLE_LOADER = "$(TEST_HOST)";
				CODE_SIGN_STYLE = Automatic;
				DEVELOPMENT_TEAM = F7484TPGGQ;
				INFOPLIST_FILE = ReCaptchaV2Tests/Info.plist;
				LD_RUNPATH_SEARCH_PATHS = (
					"$(inherited)",
					"@executable_path/Frameworks",
					"@loader_path/Frameworks",
				);
				PRODUCT_BUNDLE_IDENTIFIER = com.cosmo.packagetracking.ReCaptchaV2Tests;
				PRODUCT_NAME = "$(TARGET_NAME)";
				SWIFT_VERSION = 4.0;
				TARGETED_DEVICE_FAMILY = "1,2";
				TEST_HOST = "$(BUILT_PRODUCTS_DIR)/ReCaptchaV2.app/ReCaptchaV2";
			};
			name = Debug;
		};
		184AD6AB205FC3C3005CEA3D /* Release */ = {
			isa = XCBuildConfiguration;
			buildSettings = {
				ALWAYS_EMBED_SWIFT_STANDARD_LIBRARIES = YES;
				BUNDLE_LOADER = "$(TEST_HOST)";
				CODE_SIGN_STYLE = Automatic;
				DEVELOPMENT_TEAM = F7484TPGGQ;
				INFOPLIST_FILE = ReCaptchaV2Tests/Info.plist;
				LD_RUNPATH_SEARCH_PATHS = (
					"$(inherited)",
					"@executable_path/Frameworks",
					"@loader_path/Frameworks",
				);
				PRODUCT_BUNDLE_IDENTIFIER = com.cosmo.packagetracking.ReCaptchaV2Tests;
				PRODUCT_NAME = "$(TARGET_NAME)";
				SWIFT_VERSION = 4.0;
				TARGETED_DEVICE_FAMILY = "1,2";
				TEST_HOST = "$(BUILT_PRODUCTS_DIR)/ReCaptchaV2.app/ReCaptchaV2";
			};
			name = Release;
		};
		184AD6AD205FC3C3005CEA3D /* Debug */ = {
			isa = XCBuildConfiguration;
			buildSettings = {
				ALWAYS_EMBED_SWIFT_STANDARD_LIBRARIES = YES;
				CODE_SIGN_STYLE = Automatic;
				DEVELOPMENT_TEAM = F7484TPGGQ;
				INFOPLIST_FILE = ReCaptchaV2UITests/Info.plist;
				LD_RUNPATH_SEARCH_PATHS = (
					"$(inherited)",
					"@executable_path/Frameworks",
					"@loader_path/Frameworks",
				);
				PRODUCT_BUNDLE_IDENTIFIER = com.cosmo.packagetracking.ReCaptchaV2UITests;
				PRODUCT_NAME = "$(TARGET_NAME)";
				SWIFT_VERSION = 4.0;
				TARGETED_DEVICE_FAMILY = "1,2";
				TEST_TARGET_NAME = ReCaptchaV2;
			};
			name = Debug;
		};
		184AD6AE205FC3C3005CEA3D /* Release */ = {
			isa = XCBuildConfiguration;
			buildSettings = {
				ALWAYS_EMBED_SWIFT_STANDARD_LIBRARIES = YES;
				CODE_SIGN_STYLE = Automatic;
				DEVELOPMENT_TEAM = F7484TPGGQ;
				INFOPLIST_FILE = ReCaptchaV2UITests/Info.plist;
				LD_RUNPATH_SEARCH_PATHS = (
					"$(inherited)",
					"@executable_path/Frameworks",
					"@loader_path/Frameworks",
				);
				PRODUCT_BUNDLE_IDENTIFIER = com.cosmo.packagetracking.ReCaptchaV2UITests;
				PRODUCT_NAME = "$(TARGET_NAME)";
				SWIFT_VERSION = 4.0;
				TARGETED_DEVICE_FAMILY = "1,2";
				TEST_TARGET_NAME = ReCaptchaV2;
			};
			name = Release;
		};
/* End XCBuildConfiguration section */

/* Begin XCConfigurationList section */
		184AD679205FC3C0005CEA3D /* Build configuration list for PBXProject "ReCaptchaV2" */ = {
			isa = XCConfigurationList;
			buildConfigurations = (
				184AD6A4205FC3C3005CEA3D /* Debug */,
				184AD6A5205FC3C3005CEA3D /* Release */,
			);
			defaultConfigurationIsVisible = 0;
			defaultConfigurationName = Release;
		};
		184AD6A6205FC3C3005CEA3D /* Build configuration list for PBXNativeTarget "ReCaptchaV2" */ = {
			isa = XCConfigurationList;
			buildConfigurations = (
				184AD6A7205FC3C3005CEA3D /* Debug */,
				184AD6A8205FC3C3005CEA3D /* Release */,
			);
			defaultConfigurationIsVisible = 0;
			defaultConfigurationName = Release;
		};
		184AD6A9205FC3C3005CEA3D /* Build configuration list for PBXNativeTarget "ReCaptchaV2Tests" */ = {
			isa = XCConfigurationList;
			buildConfigurations = (
				184AD6AA205FC3C3005CEA3D /* Debug */,
				184AD6AB205FC3C3005CEA3D /* Release */,
			);
			defaultConfigurationIsVisible = 0;
			defaultConfigurationName = Release;
		};
		184AD6AC205FC3C3005CEA3D /* Build configuration list for PBXNativeTarget "ReCaptchaV2UITests" */ = {
			isa = XCConfigurationList;
			buildConfigurations = (
				184AD6AD205FC3C3005CEA3D /* Debug */,
				184AD6AE205FC3C3005CEA3D /* Release */,
			);
			defaultConfigurationIsVisible = 0;
			defaultConfigurationName = Release;
		};
/* End XCConfigurationList section */
	};
	rootObject = 184AD676205FC3C0005CEA3D /* Project object */;
}
